
Microsoft Visual Studio Solution File, Format Version 12.00
# Visual Studio Version 17
VisualStudioVersion = 17.8.34511.84
MinimumVisualStudioVersion = 10.0.40219.1
Project("{9A19103F-16F7-4668-BE54-9A1E7A4F7556}") = "APILogin", "APILogin\APILogin.csproj", "{075132EF-A6BA-4F16-A122-41F6365E2FEE}"
EndProject
Project("{9A19103F-16F7-4668-BE54-9A1E7A4F7556}") = "MS03", "MSXX-MicroServico-XXX\MS03.csproj", "{F559A442-D4AB-44D9-B9EB-F80FB401FD25}"
EndProject
Project("{9A19103F-16F7-4668-BE54-9A1E7A4F7556}") = "MS01-Imovel", "MS01-Imovel\MS01-Imovel.csproj", "{23DDAA75-340A-4330-ADDD-18CDD1EA72D1}"
EndProject
Project("{9A19103F-16F7-4668-BE54-9A1E7A4F7556}") = "ApiDocumentos", "ApiDocumentos\ApiDocumentos\ApiDocumentos.csproj", "{337ADA43-4A48-4A23-ABC7-9588F492CE19}"
EndProject
Project("{9A19103F-16F7-4668-BE54-9A1E7A4F7556}") = "API-Inquilino", "API-Inquilino\API-Inquilino.csproj", "{8288E3AB-6D87-46C8-BE98-C28E62CDB682}"
EndProject
Global
	GlobalSection(SolutionConfigurationPlatforms) = preSolution
		Debug|Any CPU = Debug|Any CPU
		Release|Any CPU = Release|Any CPU
	EndGlobalSection
	GlobalSection(ProjectConfigurationPlatforms) = postSolution
		{075132EF-A6BA-4F16-A122-41F6365E2FEE}.Debug|Any CPU.ActiveCfg = Debug|Any CPU
		{075132EF-A6BA-4F16-A122-41F6365E2FEE}.Debug|Any CPU.Build.0 = Debug|Any CPU
		{075132EF-A6BA-4F16-A122-41F6365E2FEE}.Release|Any CPU.ActiveCfg = Release|Any CPU
		{075132EF-A6BA-4F16-A122-41F6365E2FEE}.Release|Any CPU.Build.0 = Release|Any CPU
		{F559A442-D4AB-44D9-B9EB-F80FB401FD25}.Debug|Any CPU.ActiveCfg = Debug|Any CPU
		{F559A442-D4AB-44D9-B9EB-F80FB401FD25}.Debug|Any CPU.Build.0 = Debug|Any CPU
		{F559A442-D4AB-44D9-B9EB-F80FB401FD25}.Release|Any CPU.ActiveCfg = Release|Any CPU
		{F559A442-D4AB-44D9-B9EB-F80FB401FD25}.Release|Any CPU.Build.0 = Release|Any CPU
		{23DDAA75-340A-4330-ADDD-18CDD1EA72D1}.Debug|Any CPU.ActiveCfg = Debug|Any CPU
		{23DDAA75-340A-4330-ADDD-18CDD1EA72D1}.Debug|Any CPU.Build.0 = Debug|Any CPU
		{23DDAA75-340A-4330-ADDD-18CDD1EA72D1}.Release|Any CPU.ActiveCfg = Release|Any CPU
		{23DDAA75-340A-4330-ADDD-18CDD1EA72D1}.Release|Any CPU.Build.0 = Release|Any CPU
		{337ADA43-4A48-4A23-ABC7-9588F492CE19}.Debug|Any CPU.ActiveCfg = Debug|Any CPU
		{337ADA43-4A48-4A23-ABC7-9588F492CE19}.Debug|Any CPU.Build.0 = Debug|Any CPU
		{337ADA43-4A48-4A23-ABC7-9588F492CE19}.Release|Any CPU.ActiveCfg = Release|Any CPU
		{337ADA43-4A48-4A23-ABC7-9588F492CE19}.Release|Any CPU.Build.0 = Release|Any CPU
		{8288E3AB-6D87-46C8-BE98-C28E62CDB682}.Debug|Any CPU.ActiveCfg = Debug|Any CPU
		{8288E3AB-6D87-46C8-BE98-C28E62CDB682}.Debug|Any CPU.Build.0 = Debug|Any CPU
		{8288E3AB-6D87-46C8-BE98-C28E62CDB682}.Release|Any CPU.ActiveCfg = Release|Any CPU
		{8288E3AB-6D87-46C8-BE98-C28E62CDB682}.Release|Any CPU.Build.0 = Release|Any CPU
	EndGlobalSection
	GlobalSection(SolutionProperties) = preSolution
		HideSolutionNode = FALSE
	EndGlobalSection
	GlobalSection(ExtensibilityGlobals) = postSolution
		SolutionGuid = {9EC8DFEC-7582-489A-9D55-621ECB83A586}
	EndGlobalSection
EndGlobal
